
Microsoft Visual Studio Solution File, Format Version 12.00
# Visual Studio Version 16
VisualStudioVersion = 16.0.33801.447
MinimumVisualStudioVersion = 10.0.40219.1
Project("{FAE04EC0-301F-11D3-BF4B-00C04F79EFBC}") = "EmployeeFormMVC", "EmployeeFormMVC\EmployeeFormMVC.csproj", "{9BBE8970-49A8-45BA-B240-90DB66087F46}"
EndProject
Global
	GlobalSection(SolutionConfigurationPlatforms) = preSolution
		Debug|Any CPU = Debug|Any CPU
		Release|Any CPU = Release|Any CPU
	EndGlobalSection
	GlobalSection(ProjectConfigurationPlatforms) = postSolution
		{9BBE8970-49A8-45BA-B240-90DB66087F46}.Debug|Any CPU.ActiveCfg = Debug|Any CPU
		{9BBE8970-49A8-45BA-B240-90DB66087F46}.Debug|Any CPU.Build.0 = Debug|Any CPU
		{9BBE8970-49A8-45BA-B240-90DB66087F46}.Release|Any CPU.ActiveCfg = Release|Any CPU
		{9BBE8970-49A8-45BA-B240-90DB66087F46}.Release|Any CPU.Build.0 = Release|Any CPU
	EndGlobalSection
	GlobalSection(SolutionProperties) = preSolution
		HideSolutionNode = FALSE
	EndGlobalSection
	GlobalSection(ExtensibilityGlobals) = postSolution
		SolutionGuid = {AFC28F58-BF75-435C-A46A-E4B42AC233AD}
	EndGlobalSection
EndGlobal
